
Microsoft Visual Studio Solution File, Format Version 12.00
# Visual Studio Version 17
VisualStudioVersion = 17.3.32825.248
MinimumVisualStudioVersion = 10.0.40219.1
Project("{9A19103F-16F7-4668-BE54-9A1E7A4F7556}") = "BigBrother", "BigBrother.csproj", "{3B18BE8C-828B-41CE-B3B7-06C585FFB5EB}"
EndProject
Project("{FAE04EC0-301F-11D3-BF4B-00C04F79EFBC}") = "BugTracker", "..\BugTracker\BugTracker.csproj", "{2AFF7603-F8E1-473C-8BBF-A5633E3F831B}"
EndProject
Global
	GlobalSection(SolutionConfigurationPlatforms) = preSolution
		Debug|Any CPU = Debug|Any CPU
		Release|Any CPU = Release|Any CPU
	EndGlobalSection
	GlobalSection(ProjectConfigurationPlatforms) = postSolution
		{3B18BE8C-828B-41CE-B3B7-06C585FFB5EB}.Debug|Any CPU.ActiveCfg = Debug|Any CPU
		{3B18BE8C-828B-41CE-B3B7-06C585FFB5EB}.Debug|Any CPU.Build.0 = Debug|Any CPU
		{3B18BE8C-828B-41CE-B3B7-06C585FFB5EB}.Release|Any CPU.ActiveCfg = Release|Any CPU
		{3B18BE8C-828B-41CE-B3B7-06C585FFB5EB}.Release|Any CPU.Build.0 = Release|Any CPU
		{2AFF7603-F8E1-473C-8BBF-A5633E3F831B}.Debug|Any CPU.ActiveCfg = Debug|Any CPU
		{2AFF7603-F8E1-473C-8BBF-A5633E3F831B}.Debug|Any CPU.Build.0 = Debug|Any CPU
		{2AFF7603-F8E1-473C-8BBF-A5633E3F831B}.Release|Any CPU.ActiveCfg = Release|Any CPU
		{2AFF7603-F8E1-473C-8BBF-A5633E3F831B}.Release|Any CPU.Build.0 = Release|Any CPU
	EndGlobalSection
	GlobalSection(SolutionProperties) = preSolution
		HideSolutionNode = FALSE
	EndGlobalSection
	GlobalSection(ExtensibilityGlobals) = postSolution
		SolutionGuid = {F3D33B23-D62E-4473-9E5F-9EDB7713F20D}
	EndGlobalSection
EndGlobal
